<?xml version="1.0" encoding="utf-8"?>
<Project ToolsVersion="4.0" xmlns="http://schemas.microsoft.com/developer/msbuild/2003">
  <ItemGroup>
    <ClCompile Include="buffer.c" />
    <ClCompile Include="client.c" />
    <ClCompile Include="dbaccess.c" />
    <ClCompile Include="globaldata.c" />
    <ClCompile Include="main.c" />
    <ClCompile Include="myquery\mysqldb.c" />
    <ClCompile Include="p2p.c" />
    <ClCompile Include="p2pclient.c" />
    <ClCompile Include="protobuffer.c" />
    <ClCompile Include="rediscommand.c" />
    <ClCompile Include="responsepkt.c" />
    <ClCompile Include="responser.c" />
    <ClCompile Include="tool.c" />
    <ClCompile Include="opensess_exp.c" />
    <ClCompile Include="subject.c" />
    <ClCompile Include="userstatus.c" />
    <ClCompile Include="forward.c" />
    <ClCompile Include="json_string.c" />
    <ClCompile Include="getrefsvr.c" />
    <ClCompile Include="scom\coms.c">
      <Filter>scom</Filter>
    </ClCompile>
    <ClCompile Include="scom\serialcom.c">
      <Filter>scom</Filter>
    </ClCompile>
    <ClCompile Include="expat\devexpat.c">
      <Filter>expat</Filter>
    </ClCompile>
    <ClCompile Include="expat\expat.c">
      <Filter>expat</Filter>
    </ClCompile>
    <ClCompile Include="moniclient_callback.c" />
    <ClCompile Include="moniclient_expat.c" />
    <ClCompile Include="printsvr_callback.c" />
    <ClCompile Include="printsvr_expat.c" />
    <ClCompile Include="json\cJSON.c">
      <Filter>json</Filter>
    </ClCompile>
    <ClCompile Include="my_curl\my_curl.c">
      <Filter>my_curl</Filter>
    </ClCompile>
  </ItemGroup>
  <ItemGroup>
    <ClInclude Include="buffer.h" />
    <ClInclude Include="client.h" />
    <ClInclude Include="config.h" />
    <ClInclude Include="dbaccess.h" />
    <ClInclude Include="globaldata.h" />
    <ClInclude Include="hiredis.h" />
    <ClInclude Include="main.h" />
    <ClInclude Include="myquery\mysqldb.h" />
    <ClInclude Include="mysqldb.h" />
    <ClInclude Include="p2p.h" />
    <ClInclude Include="p2pclient.h" />
    <ClInclude Include="protobuffer.h" />
    <ClInclude Include="rediscommand.h" />
    <ClInclude Include="Resource.h" />
    <ClInclude Include="responsepkt.h" />
    <ClInclude Include="responser.h" />
    <ClInclude Include="stdafx.h" />
    <ClInclude Include="targetver.h" />
    <ClInclude Include="tool.h" />
    <ClInclude Include="opensess_exp.h" />
    <ClInclude Include="subject.h" />
    <ClInclude Include="userstatus.h" />
    <ClInclude Include="forward.h" />
    <ClInclude Include="json_string.h" />
    <ClInclude Include="getrefsvr.h" />
    <ClInclude Include="commdef.h" />
    <ClInclude Include="scom\coms.h">
      <Filter>scom</Filter>
    </ClInclude>
    <ClInclude Include="scom\serialcom.h">
      <Filter>scom</Filter>
    </ClInclude>
    <ClInclude Include="expat\devexpat.h">
      <Filter>expat</Filter>
    </ClInclude>
    <ClInclude Include="expat\expat.h">
      <Filter>expat</Filter>
    </ClInclude>
    <ClInclude Include="moniclient_callback.h" />
    <ClInclude Include="moniclient_expat.h" />
    <ClInclude Include="printsvr_callback.h" />
    <ClInclude Include="printsvr_expat.h" />
    <ClInclude Include="json\cJSON.h">
      <Filter>json</Filter>
    </ClInclude>
    <ClInclude Include="my_curl\my_curl.h">
      <Filter>my_curl</Filter>
    </ClInclude>
  </ItemGroup>
  <ItemGroup>
    <None Include="ReadMe.txt" />
  </ItemGroup>
  <ItemGroup>
    <Filter Include="scom">
      <UniqueIdentifier>{33bd3084-74ee-4a42-9416-bf64d6637151}</UniqueIdentifier>
    </Filter>
    <Filter Include="expat">
      <UniqueIdentifier>{4ffd8785-c3c0-4f20-8c92-6b56193200e8}</UniqueIdentifier>
    </Filter>
    <Filter Include="json">
      <UniqueIdentifier>{6472838a-3994-4e10-9719-075a6ccbf233}</UniqueIdentifier>
    </Filter>
    <Filter Include="my_curl">
      <UniqueIdentifier>{01445c60-307a-4698-86ea-179f85eeb51d}</UniqueIdentifier>
    </Filter>
  </ItemGroup>
</Project>